
Microsoft Visual Studio Solution File, Format Version 12.00
# Visual Studio 2013
VisualStudioVersion = 12.0.40629.0
MinimumVisualStudioVersion = 10.0.40219.1
Project("{FAE04EC0-301F-11D3-BF4B-00C04F79EFBC}") = "Core", "Core\Core.csproj", "{13F8C41C-BF93-4833-A6EF-09C2B5B7AB8A}"
EndProject
Project("{FAE04EC0-301F-11D3-BF4B-00C04F79EFBC}") = "Web", "Web\Web.csproj", "{708D768D-8639-44EB-A067-D36907AA4B5F}"
EndProject
Global
	GlobalSection(SolutionConfigurationPlatforms) = preSolution
		Debug|Any CPU = Debug|Any CPU
		Release|Any CPU = Release|Any CPU
	EndGlobalSection
	GlobalSection(ProjectConfigurationPlatforms) = postSolution
		{13F8C41C-BF93-4833-A6EF-09C2B5B7AB8A}.Debug|Any CPU.ActiveCfg = Debug|Any CPU
		{13F8C41C-BF93-4833-A6EF-09C2B5B7AB8A}.Debug|Any CPU.Build.0 = Debug|Any CPU
		{13F8C41C-BF93-4833-A6EF-09C2B5B7AB8A}.Release|Any CPU.ActiveCfg = Release|Any CPU
		{13F8C41C-BF93-4833-A6EF-09C2B5B7AB8A}.Release|Any CPU.Build.0 = Release|Any CPU
		{708D768D-8639-44EB-A067-D36907AA4B5F}.Debug|Any CPU.ActiveCfg = Debug|Any CPU
		{708D768D-8639-44EB-A067-D36907AA4B5F}.Debug|Any CPU.Build.0 = Debug|Any CPU
		{708D768D-8639-44EB-A067-D36907AA4B5F}.Release|Any CPU.ActiveCfg = Release|Any CPU
		{708D768D-8639-44EB-A067-D36907AA4B5F}.Release|Any CPU.Build.0 = Release|Any CPU
	EndGlobalSection
	GlobalSection(SolutionProperties) = preSolution
		HideSolutionNode = FALSE
	EndGlobalSection
EndGlobal
